
Microsoft Visual Studio Solution File, Format Version 12.00
# Visual Studio Version 17
VisualStudioVersion = 17.9.34622.214
MinimumVisualStudioVersion = 10.0.40219.1
Project("{FAE04EC0-301F-11D3-BF4B-00C04F79EFBC}") = "Ticmano", "Ticmano\Ticmano.csproj", "{608AD591-5517-4DC4-9E18-EBD1D27A8BF4}"
EndProject
Project("{FAE04EC0-301F-11D3-BF4B-00C04F79EFBC}") = "Ticmano.Client", "Ticmano.Client\Ticmano.Client.csproj", "{F060977E-57C6-4BF3-960D-8A7866BF5B07}"
EndProject
Global
	GlobalSection(SolutionConfigurationPlatforms) = preSolution
		Debug|Any CPU = Debug|Any CPU
		Release|Any CPU = Release|Any CPU
	EndGlobalSection
	GlobalSection(ProjectConfigurationPlatforms) = postSolution
		{608AD591-5517-4DC4-9E18-EBD1D27A8BF4}.Debug|Any CPU.ActiveCfg = Debug|Any CPU
		{608AD591-5517-4DC4-9E18-EBD1D27A8BF4}.Debug|Any CPU.Build.0 = Debug|Any CPU
		{608AD591-5517-4DC4-9E18-EBD1D27A8BF4}.Release|Any CPU.ActiveCfg = Release|Any CPU
		{608AD591-5517-4DC4-9E18-EBD1D27A8BF4}.Release|Any CPU.Build.0 = Release|Any CPU
		{F060977E-57C6-4BF3-960D-8A7866BF5B07}.Debug|Any CPU.ActiveCfg = Debug|Any CPU
		{F060977E-57C6-4BF3-960D-8A7866BF5B07}.Debug|Any CPU.Build.0 = Debug|Any CPU
		{F060977E-57C6-4BF3-960D-8A7866BF5B07}.Release|Any CPU.ActiveCfg = Release|Any CPU
		{F060977E-57C6-4BF3-960D-8A7866BF5B07}.Release|Any CPU.Build.0 = Release|Any CPU
	EndGlobalSection
	GlobalSection(SolutionProperties) = preSolution
		HideSolutionNode = FALSE
	EndGlobalSection
	GlobalSection(ExtensibilityGlobals) = postSolution
		SolutionGuid = {168BCACD-85A8-4AA2-AA92-139D1C09728C}
	EndGlobalSection
EndGlobal
